
Microsoft Visual Studio Solution File, Format Version 12.00
# Visual Studio Version 17
VisualStudioVersion = 17.6.33829.357
MinimumVisualStudioVersion = 10.0.40219.1
Project("{FAE04EC0-301F-11D3-BF4B-00C04F79EFBC}") = "TTPLSite.New", "TTPLSite.New.csproj", "{951F9268-7C88-4AEA-A61D-8C00084AACC8}"
EndProject
Global
	GlobalSection(SolutionConfigurationPlatforms) = preSolution
		Debug|Any CPU = Debug|Any CPU
		Release|Any CPU = Release|Any CPU
	EndGlobalSection
	GlobalSection(ProjectConfigurationPlatforms) = postSolution
		{951F9268-7C88-4AEA-A61D-8C00084AACC8}.Debug|Any CPU.ActiveCfg = Debug|Any CPU
		{951F9268-7C88-4AEA-A61D-8C00084AACC8}.Debug|Any CPU.Build.0 = Debug|Any CPU
		{951F9268-7C88-4AEA-A61D-8C00084AACC8}.Release|Any CPU.ActiveCfg = Release|Any CPU
		{951F9268-7C88-4AEA-A61D-8C00084AACC8}.Release|Any CPU.Build.0 = Release|Any CPU
	EndGlobalSection
	GlobalSection(SolutionProperties) = preSolution
		HideSolutionNode = FALSE
	EndGlobalSection
	GlobalSection(ExtensibilityGlobals) = postSolution
		SolutionGuid = {24FBA41B-135A-4B32-B397-63033DA45491}
	EndGlobalSection
EndGlobal
